// !$*UTF8*$!
{
	archiveVersion = 1;
	classes = {
	};
	objectVersion = 46;
	objects = {

/* Begin PBXBuildFile section */
		FCDEDA6D18A7405500BCB53C /* background-music-aac.caf in Resources */ = {isa = PBXBuildFile; fileRef = FCDEDA6A18A7405500BCB53C /* background-music-aac.caf */; };
		FCDEDA6E18A7405500BCB53C /* pew-pew-lei.caf in Resources */ = {isa = PBXBuildFile; fileRef = FCDEDA6B18A7405500BCB53C /* pew-pew-lei.caf */; };
		FCDEDA6F18A7405500BCB53C /* sprites.atlas in Resources */ = {isa = PBXBuildFile; fileRef = FCDEDA6C18A7405500BCB53C /* sprites.atlas */; };
		FCDEDA7218A74EB500BCB53C /* WHOGameOverScene.m in Sources */ = {isa = PBXBuildFile; fileRef = FCDEDA7118A74EB500BCB53C /* WHOGameOverScene.m */; };
		FCE57DAF18A73AA50049C90C /* Foundation.framework in Frameworks */ = {isa = PBXBuildFile; fileRef = FCE57DAE18A73AA50049C90C /* Foundation.framework */; };
		FCE57DB118A73AA50049C90C /* CoreGraphics.framework in Frameworks */ = {isa = PBXBuildFile; fileRef = FCE57DB018A73AA50049C90C /* CoreGraphics.framework */; };
		FCE57DB318A73AA50049C90C /* UIKit.framework in Frameworks */ = {isa = PBXBuildFile; fileRef = FCE57DB218A73AA50049C90C /* UIKit.framework */; };
		FCE57DB518A73AA50049C90C /* SpriteKit.framework in Frameworks */ = {isa = PBXBuildFile; fileRef = FCE57DB418A73AA50049C90C /* SpriteKit.framework */; };
		FCE57DBB18A73AA50049C90C /* InfoPlist.strings in Resources */ = {isa = PBXBuildFile; fileRef = FCE57DB918A73AA50049C90C /* InfoPlist.strings */; };
		FCE57DBD18A73AA50049C90C /* main.m in Sources */ = {isa = PBXBuildFile; fileRef = FCE57DBC18A73AA50049C90C /* main.m */; };
		FCE57DC118A73AA50049C90C /* WHOAppDelegate.m in Sources */ = {isa = PBXBuildFile; fileRef = FCE57DC018A73AA50049C90C /* WHOAppDelegate.m */; };
		FCE57DC418A73AA50049C90C /* Main.storyboard in Resources */ = {isa = PBXBuildFile; fileRef = FCE57DC218A73AA50049C90C /* Main.storyboard */; };
		FCE57DC718A73AA50049C90C /* WHOViewController.m in Sources */ = {isa = PBXBuildFile; fileRef = FCE57DC618A73AA50049C90C /* WHOViewController.m */; };
		FCE57DCA18A73AA50049C90C /* WHOMyScene.m in Sources */ = {isa = PBXBuildFile; fileRef = FCE57DC918A73AA50049C90C /* WHOMyScene.m */; };
		FCE57DCC18A73AA50049C90C /* Spaceship.png in Resources */ = {isa = PBXBuildFile; fileRef = FCE57DCB18A73AA50049C90C /* Spaceship.png */; };
		FCE57DCE18A73AA50049C90C /* Images.xcassets in Resources */ = {isa = PBXBuildFile; fileRef = FCE57DCD18A73AA50049C90C /* Images.xcassets */; };
		FCE57DD518A73AA50049C90C /* XCTest.framework in Frameworks */ = {isa = PBXBuildFile; fileRef = FCE57DD418A73AA50049C90C /* XCTest.framework */; };
		FCE57DD618A73AA50049C90C /* Foundation.framework in Frameworks */ = {isa = PBXBuildFile; fileRef = FCE57DAE18A73AA50049C90C /* Foundation.framework */; };
		FCE57DD718A73AA50049C90C /* UIKit.framework in Frameworks */ = {isa = PBXBuildFile; fileRef = FCE57DB218A73AA50049C90C /* UIKit.framework */; };
		FCE57DDF18A73AA50049C90C /* InfoPlist.strings in Resources */ = {isa = PBXBuildFile; fileRef = FCE57DDD18A73AA50049C90C /* InfoPlist.strings */; };
		FCE57DE118A73AA50049C90C /* birdFoodMachineTests.m in Sources */ = {isa = PBXBuildFile; fileRef = FCE57DE018A73AA50049C90C /* birdFoodMachineTests.m */; };
/* End PBXBuildFile section */

/* Begin PBXContainerItemProxy section */
		FCE57DD818A73AA50049C90C /* PBXContainerItemProxy */ = {
			isa = PBXContainerItemProxy;
			containerPortal = FCE57DA318A73AA50049C90C /* Project object */;
			proxyType = 1;
			remoteGlobalIDString = FCE57DAA18A73AA50049C90C;
			remoteInfo = birdFoodMachine;
		};
/* End PBXContainerItemProxy section */

/* Begin PBXFileReference section */
		FCDEDA6A18A7405500BCB53C /* background-music-aac.caf */ = {isa = PBXFileReference; lastKnownFileType = file; path = "background-music-aac.caf"; sourceTree = "<group>"; };
		FCDEDA6B18A7405500BCB53C /* pew-pew-lei.caf */ = {isa = PBXFileReference; lastKnownFileType = file; path = "pew-pew-lei.caf"; sourceTree = "<group>"; };
		FCDEDA6C18A7405500BCB53C /* sprites.atlas */ = {isa = PBXFileReference; lastKnownFileType = folder.skatlas; path = sprites.atlas; sourceTree = "<group>"; };
		FCDEDA7018A74EB500BCB53C /* WHOGameOverScene.h */ = {isa = PBXFileReference; fileEncoding = 4; lastKnownFileType = sourcecode.c.h; path = WHOGameOverScene.h; sourceTree = "<group>"; };
		FCDEDA7118A74EB500BCB53C /* WHOGameOverScene.m */ = {isa = PBXFileReference; fileEncoding = 4; lastKnownFileType = sourcecode.c.objc; path = WHOGameOverScene.m; sourceTree = "<group>"; };
		FCE57DAB18A73AA50049C90C /* birdFoodMachine.app */ = {isa = PBXFileReference; explicitFileType = wrapper.application; includeInIndex = 0; path = birdFoodMachine.app; sourceTree = BUILT_PRODUCTS_DIR; };
		FCE57DAE18A73AA50049C90C /* Foundation.framework */ = {isa = PBXFileReference; lastKnownFileType = wrapper.framework; name = Foundation.framework; path = System/Library/Frameworks/Foundation.framework; sourceTree = SDKROOT; };
		FCE57DB018A73AA50049C90C /* CoreGraphics.framework */ = {isa = PBXFileReference; lastKnownFileType = wrapper.framework; name = CoreGraphics.framework; path = System/Library/Frameworks/CoreGraphics.framework; sourceTree = SDKROOT; };
		FCE57DB218A73AA50049C90C /* UIKit.framework */ = {isa = PBXFileReference; lastKnownFileType = wrapper.framework; name = UIKit.framework; path = System/Library/Frameworks/UIKit.framework; sourceTree = SDKROOT; };
		FCE57DB418A73AA50049C90C /* SpriteKit.framework */ = {isa = PBXFileReference; lastKnownFileType = wrapper.framework; name = SpriteKit.framework; path = System/Library/Frameworks/SpriteKit.framework; sourceTree = SDKROOT; };
		FCE57DB818A73AA50049C90C /* birdFoodMachine-Info.plist */ = {isa = PBXFileReference; lastKnownFileType = text.plist.xml; path = "birdFoodMachine-Info.plist"; sourceTree = "<group>"; };
		FCE57DBA18A73AA50049C90C /* en */ = {isa = PBXFileReference; lastKnownFileType = text.plist.strings; name = en; path = en.lproj/InfoPlist.strings; sourceTree = "<group>"; };
		FCE57DBC18A73AA50049C90C /* main.m */ = {isa = PBXFileReference; lastKnownFileType = sourcecode.c.objc; path = main.m; sourceTree = "<group>"; };
		FCE57DBE18A73AA50049C90C /* birdFoodMachine-Prefix.pch */ = {isa = PBXFileReference; lastKnownFileType = sourcecode.c.h; path = "birdFoodMachine-Prefix.pch"; sourceTree = "<group>"; };
		FCE57DBF18A73AA50049C90C /* WHOAppDelegate.h */ = {isa = PBXFileReference; lastKnownFileType = sourcecode.c.h; path = WHOAppDelegate.h; sourceTree = "<group>"; };
		FCE57DC018A73AA50049C90C /* WHOAppDelegate.m */ = {isa = PBXFileReference; lastKnownFileType = sourcecode.c.objc; path = WHOAppDelegate.m; sourceTree = "<group>"; };
		FCE57DC318A73AA50049C90C /* Base */ = {isa = PBXFileReference; lastKnownFileType = file.storyboard; name = Base; path = Base.lproj/Main.storyboard; sourceTree = "<group>"; };
		FCE57DC518A73AA50049C90C /* WHOViewController.h */ = {isa = PBXFileReference; lastKnownFileType = sourcecode.c.h; path = WHOViewController.h; sourceTree = "<group>"; };
		FCE57DC618A73AA50049C90C /* WHOViewController.m */ = {isa = PBXFileReference; lastKnownFileType = sourcecode.c.objc; path = WHOViewController.m; sourceTree = "<group>"; };
		FCE57DC818A73AA50049C90C /* WHOMyScene.h */ = {isa = PBXFileReference; lastKnownFileType = sourcecode.c.h; path = WHOMyScene.h; sourceTree = "<group>"; };
		FCE57DC918A73AA50049C90C /* WHOMyScene.m */ = {isa = PBXFileReference; lastKnownFileType = sourcecode.c.objc; path = WHOMyScene.m; sourceTree = "<group>"; };
		FCE57DCB18A73AA50049C90C /* Spaceship.png */ = {isa = PBXFileReference; lastKnownFileType = image.png; path = Spaceship.png; sourceTree = "<group>"; };
		FCE57DCD18A73AA50049C90C /* Images.xcassets */ = {isa = PBXFileReference; lastKnownFileType = folder.assetcatalog; path = Images.xcassets; sourceTree = "<group>"; };
		FCE57DD318A73AA50049C90C /* birdFoodMachineTests.xctest */ = {isa = PBXFileReference; explicitFileType = wrapper.cfbundle; includeInIndex = 0; path = birdFoodMachineTests.xctest; sourceTree = BUILT_PRODUCTS_DIR; };
		FCE57DD418A73AA50049C90C /* XCTest.framework */ = {isa = PBXFileReference; lastKnownFileType = wrapper.framework; name = XCTest.framework; path = Library/Frameworks/XCTest.framework; sourceTree = DEVELOPER_DIR; };
		FCE57DDC18A73AA50049C90C /* birdFoodMachineTests-Info.plist */ = {isa = PBXFileReference; lastKnownFileType = text.plist.xml; path = "birdFoodMachineTests-Info.plist"; sourceTree = "<group>"; };
		FCE57DDE18A73AA50049C90C /* en */ = {isa = PBXFileReference; lastKnownFileType = text.plist.strings; name = en; path = en.lproj/InfoPlist.strings; sourceTree = "<group>"; };
		FCE57DE018A73AA50049C90C /* birdFoodMachineTests.m */ = {isa = PBXFileReference; lastKnownFileType = sourcecode.c.objc; path = birdFoodMachineTests.m; sourceTree = "<group>"; };
/* End PBXFileReference section */

/* Begin PBXFrameworksBuildPhase section */
		FCE57DA818A73AA50049C90C /* Frameworks */ = {
			isa = PBXFrameworksBuildPhase;
			buildActionMask = 2147483647;
			files = (
				FCE57DB118A73AA50049C90C /* CoreGraphics.framework in Frameworks */,
				FCE57DB318A73AA50049C90C /* UIKit.framework in Frameworks */,
				FCE57DB518A73AA50049C90C /* SpriteKit.framework in Frameworks */,
				FCE57DAF18A73AA50049C90C /* Foundation.framework in Frameworks */,
			);
			runOnlyForDeploymentPostprocessing = 0;
		};
		FCE57DD018A73AA50049C90C /* Frameworks */ = {
			isa = PBXFrameworksBuildPhase;
			buildActionMask = 2147483647;
			files = (
				FCE57DD518A73AA50049C90C /* XCTest.framework in Frameworks */,
				FCE57DD718A73AA50049C90C /* UIKit.framework in Frameworks */,
				FCE57DD618A73AA50049C90C /* Foundation.framework in Frameworks */,
			);
			runOnlyForDeploymentPostprocessing = 0;
		};
/* End PBXFrameworksBuildPhase section */

/* Begin PBXGroup section */
		FCDEDA6918A7405500BCB53C /* Sounds */ = {
			isa = PBXGroup;
			children = (
				FCDEDA6A18A7405500BCB53C /* background-music-aac.caf */,
				FCDEDA6B18A7405500BCB53C /* pew-pew-lei.caf */,
			);
			path = Sounds;
			sourceTree = "<group>";
		};
		FCE57DA218A73AA50049C90C = {
			isa = PBXGroup;
			children = (
				FCE57DB618A73AA50049C90C /* birdFoodMachine */,
				FCE57DDA18A73AA50049C90C /* birdFoodMachineTests */,
				FCE57DAD18A73AA50049C90C /* Frameworks */,
				FCE57DAC18A73AA50049C90C /* Products */,
			);
			sourceTree = "<group>";
		};
		FCE57DAC18A73AA50049C90C /* Products */ = {
			isa = PBXGroup;
			children = (
				FCE57DAB18A73AA50049C90C /* birdFoodMachine.app */,
				FCE57DD318A73AA50049C90C /* birdFoodMachineTests.xctest */,
			);
			name = Products;
			sourceTree = "<group>";
		};
		FCE57DAD18A73AA50049C90C /* Frameworks */ = {
			isa = PBXGroup;
			children = (
				FCE57DAE18A73AA50049C90C /* Foundation.framework */,
				FCE57DB018A73AA50049C90C /* CoreGraphics.framework */,
				FCE57DB218A73AA50049C90C /* UIKit.framework */,
				FCE57DB418A73AA50049C90C /* SpriteKit.framework */,
				FCE57DD418A73AA50049C90C /* XCTest.framework */,
			);
			name = Frameworks;
			sourceTree = "<group>";
		};
		FCE57DB618A73AA50049C90C /* birdFoodMachine */ = {
			isa = PBXGroup;
			children = (
				FCE57DBF18A73AA50049C90C /* WHOAppDelegate.h */,
				FCE57DC018A73AA50049C90C /* WHOAppDelegate.m */,
				FCE57DC218A73AA50049C90C /* Main.storyboard */,
				FCE57DC518A73AA50049C90C /* WHOViewController.h */,
				FCE57DC618A73AA50049C90C /* WHOViewController.m */,
				FCE57DC818A73AA50049C90C /* WHOMyScene.h */,
				FCE57DC918A73AA50049C90C /* WHOMyScene.m */,
				FCDEDA7018A74EB500BCB53C /* WHOGameOverScene.h */,
				FCDEDA7118A74EB500BCB53C /* WHOGameOverScene.m */,
				FCE57DCB18A73AA50049C90C /* Spaceship.png */,
				FCE57DCD18A73AA50049C90C /* Images.xcassets */,
				FCE57DB718A73AA50049C90C /* Supporting Files */,
			);
			path = birdFoodMachine;
			sourceTree = "<group>";
		};
		FCE57DB718A73AA50049C90C /* Supporting Files */ = {
			isa = PBXGroup;
			children = (
				FCDEDA6918A7405500BCB53C /* Sounds */,
				FCDEDA6C18A7405500BCB53C /* sprites.atlas */,
				FCE57DB818A73AA50049C90C /* birdFoodMachine-Info.plist */,
				FCE57DB918A73AA50049C90C /* InfoPlist.strings */,
				FCE57DBC18A73AA50049C90C /* main.m */,
				FCE57DBE18A73AA50049C90C /* birdFoodMachine-Prefix.pch */,
			);
			name = "Supporting Files";
			sourceTree = "<group>";
		};
		FCE57DDA18A73AA50049C90C /* birdFoodMachineTests */ = {
			isa = PBXGroup;
			children = (
				FCE57DE018A73AA50049C90C /* birdFoodMachineTests.m */,
				FCE57DDB18A73AA50049C90C /* Supporting Files */,
			);
			path = birdFoodMachineTests;
			sourceTree = "<group>";
		};
		FCE57DDB18A73AA50049C90C /* Supporting Files */ = {
			isa = PBXGroup;
			children = (
				FCE57DDC18A73AA50049C90C /* birdFoodMachineTests-Info.plist */,
				FCE57DDD18A73AA50049C90C /* InfoPlist.strings */,
			);
			name = "Supporting Files";
			sourceTree = "<group>";
		};
/* End PBXGroup section */

/* Begin PBXNativeTarget section */
		FCE57DAA18A73AA50049C90C /* birdFoodMachine */ = {
			isa = PBXNativeTarget;
			buildConfigurationList = FCE57DE418A73AA50049C90C /* Build configuration list for PBXNativeTarget "birdFoodMachine" */;
			buildPhases = (
				FCE57DA718A73AA50049C90C /* Sources */,
				FCE57DA818A73AA50049C90C /* Frameworks */,
				FCE57DA918A73AA50049C90C /* Resources */,
			);
			buildRules = (
			);
			dependencies = (
			);
			name = birdFoodMachine;
			productName = birdFoodMachine;
			productReference = FCE57DAB18A73AA50049C90C /* birdFoodMachine.app */;
			productType = "com.apple.product-type.application";
		};
		FCE57DD218A73AA50049C90C /* birdFoodMachineTests */ = {
			isa = PBXNativeTarget;
			buildConfigurationList = FCE57DE718A73AA50049C90C /* Build configuration list for PBXNativeTarget "birdFoodMachineTests" */;
			buildPhases = (
				FCE57DCF18A73AA50049C90C /* Sources */,
				FCE57DD018A73AA50049C90C /* Frameworks */,
				FCE57DD118A73AA50049C90C /* Resources */,
			);
			buildRules = (
			);
			dependencies = (
				FCE57DD918A73AA50049C90C /* PBXTargetDependency */,
			);
			name = birdFoodMachineTests;
			productName = birdFoodMachineTests;
			productReference = FCE57DD318A73AA50049C90C /* birdFoodMachineTests.xctest */;
			productType = "com.apple.product-type.bundle.unit-test";
		};
/* End PBXNativeTarget section */

/* Begin PBXProject section */
		FCE57DA318A73AA50049C90C /* Project object */ = {
			isa = PBXProject;
			attributes = {
				CLASSPREFIX = WHO;
				LastUpgradeCheck = 0500;
				ORGANIZATIONNAME = whoisdylan;
				TargetAttributes = {
					FCE57DD218A73AA50049C90C = {
						TestTargetID = FCE57DAA18A73AA50049C90C;
					};
				};
			};
			buildConfigurationList = FCE57DA618A73AA50049C90C /* Build configuration list for PBXProject "birdFoodMachine" */;
			compatibilityVersion = "Xcode 3.2";
			developmentRegion = English;
			hasScannedForEncodings = 0;
			knownRegions = (
				en,
				Base,
			);
			mainGroup = FCE57DA218A73AA50049C90C;
			productRefGroup = FCE57DAC18A73AA50049C90C /* Products */;
			projectDirPath = "";
			projectRoot = "";
			targets = (
				FCE57DAA18A73AA50049C90C /* birdFoodMachine */,
				FCE57DD218A73AA50049C90C /* birdFoodMachineTests */,
			);
		};
/* End PBXProject section */

/* Begin PBXResourcesBuildPhase section */
		FCE57DA918A73AA50049C90C /* Resources */ = {
			isa = PBXResourcesBuildPhase;
			buildActionMask = 2147483647;
			files = (
				FCDEDA6F18A7405500BCB53C /* sprites.atlas in Resources */,
				FCDEDA6D18A7405500BCB53C /* background-music-aac.caf in Resources */,
				FCE57DBB18A73AA50049C90C /* InfoPlist.strings in Resources */,
				FCE57DCE18A73AA50049C90C /* Images.xcassets in Resources */,
				FCE57DCC18A73AA50049C90C /* Spaceship.png in Resources */,
				FCE57DC418A73AA50049C90C /* Main.storyboard in Resources */,
				FCDEDA6E18A7405500BCB53C /* pew-pew-lei.caf in Resources */,
			);
			runOnlyForDeploymentPostprocessing = 0;
		};
		FCE57DD118A73AA50049C90C /* Resources */ = {
			isa = PBXResourcesBuildPhase;
			buildActionMask = 2147483647;
			files = (
				FCE57DDF18A73AA50049C90C /* InfoPlist.strings in Resources */,
			);
			runOnlyForDeploymentPostprocessing = 0;
		};
/* End PBXResourcesBuildPhase section */

/* Begin PBXSourcesBuildPhase section */
		FCE57DA718A73AA50049C90C /* Sources */ = {
			isa = PBXSourcesBuildPhase;
			buildActionMask = 2147483647;
			files = (
				FCE57DC718A73AA50049C90C /* WHOViewController.m in Sources */,
				FCE57DCA18A73AA50049C90C /* WHOMyScene.m in Sources */,
				FCDEDA7218A74EB500BCB53C /* WHOGameOverScene.m in Sources */,
				FCE57DBD18A73AA50049C90C /* main.m in Sources */,
				FCE57DC118A73AA50049C90C /* WHOAppDelegate.m in Sources */,
			);
			runOnlyForDeploymentPostprocessing = 0;
		};
		FCE57DCF18A73AA50049C90C /* Sources */ = {
			isa = PBXSourcesBuildPhase;
			buildActionMask = 2147483647;
			files = (
				FCE57DE118A73AA50049C90C /* birdFoodMachineTests.m in Sources */,
			);
			runOnlyForDeploymentPostprocessing = 0;
		};
/* End PBXSourcesBuildPhase section */

/* Begin PBXTargetDependency section */
		FCE57DD918A73AA50049C90C /* PBXTargetDependency */ = {
			isa = PBXTargetDependency;
			target = FCE57DAA18A73AA50049C90C /* birdFoodMachine */;
			targetProxy = FCE57DD818A73AA50049C90C /* PBXContainerItemProxy */;
		};
/* End PBXTargetDependency section */

/* Begin PBXVariantGroup section */
		FCE57DB918A73AA50049C90C /* InfoPlist.strings */ = {
			isa = PBXVariantGroup;
			children = (
				FCE57DBA18A73AA50049C90C /* en */,
			);
			name = InfoPlist.strings;
			sourceTree = "<group>";
		};
		FCE57DC218A73AA50049C90C /* Main.storyboard */ = {
			isa = PBXVariantGroup;
			children = (
				FCE57DC318A73AA50049C90C /* Base */,
			);
			name = Main.storyboard;
			sourceTree = "<group>";
		};
		FCE57DDD18A73AA50049C90C /* InfoPlist.strings */ = {
			isa = PBXVariantGroup;
			children = (
				FCE57DDE18A73AA50049C90C /* en */,
			);
			name = InfoPlist.strings;
			sourceTree = "<group>";
		};
/* End PBXVariantGroup section */

/* Begin XCBuildConfiguration section */
		FCE57DE218A73AA50049C90C /* Debug */ = {
			isa = XCBuildConfiguration;
			buildSettings = {
				ALWAYS_SEARCH_USER_PATHS = NO;
				ARCHS = "$(ARCHS_STANDARD_INCLUDING_64_BIT)";
				CLANG_CXX_LANGUAGE_STANDARD = "gnu++0x";
				CLANG_CXX_LIBRARY = "libc++";
				CLANG_ENABLE_MODULES = YES;
				CLANG_ENABLE_OBJC_ARC = YES;
				CLANG_WARN_BOOL_CONVERSION = YES;
				CLANG_WARN_CONSTANT_CONVERSION = YES;
				CLANG_WARN_DIRECT_OBJC_ISA_USAGE = YES_ERROR;
				CLANG_WARN_EMPTY_BODY = YES;
				CLANG_WARN_ENUM_CONVERSION = YES;
				CLANG_WARN_INT_CONVERSION = YES;
				CLANG_WARN_OBJC_ROOT_CLASS = YES_ERROR;
				CLANG_WARN__DUPLICATE_METHOD_MATCH = YES;
				"CODE_SIGN_IDENTITY[sdk=iphoneos*]" = "iPhone Developer";
				COPY_PHASE_STRIP = NO;
				GCC_C_LANGUAGE_STANDARD = gnu99;
				GCC_DYNAMIC_NO_PIC = NO;
				GCC_OPTIMIZATION_LEVEL = 0;
				GCC_PREPROCESSOR_DEFINITIONS = (
					"DEBUG=1",
					"$(inherited)",
				);
				GCC_SYMBOLS_PRIVATE_EXTERN = NO;
				GCC_WARN_64_TO_32_BIT_CONVERSION = YES;
				GCC_WARN_ABOUT_RETURN_TYPE = YES_ERROR;
				GCC_WARN_UNDECLARED_SELECTOR = YES;
				GCC_WARN_UNINITIALIZED_AUTOS = YES;
				GCC_WARN_UNUSED_FUNCTION = YES;
				GCC_WARN_UNUSED_VARIABLE = YES;
				IPHONEOS_DEPLOYMENT_TARGET = 7.0;
				ONLY_ACTIVE_ARCH = YES;
				SDKROOT = iphoneos;
			};
			name = Debug;
		};
		FCE57DE318A73AA50049C90C /* Release */ = {
			isa = XCBuildConfiguration;
			buildSettings = {
				ALWAYS_SEARCH_USER_PATHS = NO;
				ARCHS = "$(ARCHS_STANDARD_INCLUDING_64_BIT)";
				CLANG_CXX_LANGUAGE_STANDARD = "gnu++0x";
				CLANG_CXX_LIBRARY = "libc++";
				CLANG_ENABLE_MODULES = YES;
				CLANG_ENABLE_OBJC_ARC = YES;
				CLANG_WARN_BOOL_CONVERSION = YES;
				CLANG_WARN_CONSTANT_CONVERSION = YES;
				CLANG_WARN_DIRECT_OBJC_ISA_USAGE = YES_ERROR;
				CLANG_WARN_EMPTY_BODY = YES;
				CLANG_WARN_ENUM_CONVERSION = YES;
				CLANG_WARN_INT_CONVERSION = YES;
				CLANG_WARN_OBJC_ROOT_CLASS = YES_ERROR;
				CLANG_WARN__DUPLICATE_METHOD_MATCH = YES;
				"CODE_SIGN_IDENTITY[sdk=iphoneos*]" = "iPhone Developer";
				COPY_PHASE_STRIP = YES;
				ENABLE_NS_ASSERTIONS = NO;
				GCC_C_LANGUAGE_STANDARD = gnu99;
				GCC_WARN_64_TO_32_BIT_CONVERSION = YES;
				GCC_WARN_ABOUT_RETURN_TYPE = YES_ERROR;
				GCC_WARN_UNDECLARED_SELECTOR = YES;
				GCC_WARN_UNINITIALIZED_AUTOS = YES;
				GCC_WARN_UNUSED_FUNCTION = YES;
				GCC_WARN_UNUSED_VARIABLE = YES;
				IPHONEOS_DEPLOYMENT_TARGET = 7.0;
				SDKROOT = iphoneos;
				VALIDATE_PRODUCT = YES;
			};
			name = Release;
		};
		FCE57DE518A73AA50049C90C /* Debug */ = {
			isa = XCBuildConfiguration;
			buildSettings = {
				ASSETCATALOG_COMPILER_APPICON_NAME = AppIcon;
				ASSETCATALOG_COMPILER_LAUNCHIMAGE_NAME = LaunchImage;
				GCC_PRECOMPILE_PREFIX_HEADER = YES;
				GCC_PREFIX_HEADER = "birdFoodMachine/birdFoodMachine-Prefix.pch";
				INFOPLIST_FILE = "birdFoodMachine/birdFoodMachine-Info.plist";
				PRODUCT_NAME = "$(TARGET_NAME)";
				SPRITEKIT_TEXTURE_ATLAS_OUTPUT = YES;
				WRAPPER_EXTENSION = app;
			};
			name = Debug;
		};
		FCE57DE618A73AA50049C90C /* Release */ = {
			isa = XCBuildConfiguration;
			buildSettings = {
				ASSETCATALOG_COMPILER_APPICON_NAME = AppIcon;
				ASSETCATALOG_COMPILER_LAUNCHIMAGE_NAME = LaunchImage;
				GCC_PRECOMPILE_PREFIX_HEADER = YES;
				GCC_PREFIX_HEADER = "birdFoodMachine/birdFoodMachine-Prefix.pch";
				INFOPLIST_FILE = "birdFoodMachine/birdFoodMachine-Info.plist";
				PRODUCT_NAME = "$(TARGET_NAME)";
				SPRITEKIT_TEXTURE_ATLAS_OUTPUT = YES;
				WRAPPER_EXTENSION = app;
			};
			name = Release;
		};
		FCE57DE818A73AA50049C90C /* Debug */ = {
			isa = XCBuildConfiguration;
			buildSettings = {
				ARCHS = "$(ARCHS_STANDARD_INCLUDING_64_BIT)";
				BUNDLE_LOADER = "$(BUILT_PRODUCTS_DIR)/birdFoodMachine.app/birdFoodMachine";
				FRAMEWORK_SEARCH_PATHS = (
					"$(SDKROOT)/Developer/Library/Frameworks",
					"$(inherited)",
					"$(DEVELOPER_FRAMEWORKS_DIR)",
				);
				GCC_PRECOMPILE_PREFIX_HEADER = YES;
				GCC_PREFIX_HEADER = "birdFoodMachine/birdFoodMachine-Prefix.pch";
				GCC_PREPROCESSOR_DEFINITIONS = (
					"DEBUG=1",
					"$(inherited)",
				);
				INFOPLIST_FILE = "birdFoodMachineTests/birdFoodMachineTests-Info.plist";
				PRODUCT_NAME = "$(TARGET_NAME)";
				TEST_HOST = "$(BUNDLE_LOADER)";
				WRAPPER_EXTENSION = xctest;
			};
			name = Debug;
		};
		FCE57DE918A73AA50049C90C /* Release */ = {
			isa = XCBuildConfiguration;
			buildSettings = {
				ARCHS = "$(ARCHS_STANDARD_INCLUDING_64_BIT)";
				BUNDLE_LOADER = "$(BUILT_PRODUCTS_DIR)/birdFoodMachine.app/birdFoodMachine";
				FRAMEWORK_SEARCH_PATHS = (
					"$(SDKROOT)/Developer/Library/Frameworks",
					"$(inherited)",
					"$(DEVELOPER_FRAMEWORKS_DIR)",
				);
				GCC_PRECOMPILE_PREFIX_HEADER = YES;
				GCC_PREFIX_HEADER = "birdFoodMachine/birdFoodMachine-Prefix.pch";
				INFOPLIST_FILE = "birdFoodMachineTests/birdFoodMachineTests-Info.plist";
				PRODUCT_NAME = "$(TARGET_NAME)";
				TEST_HOST = "$(BUNDLE_LOADER)";
				WRAPPER_EXTENSION = xctest;
			};
			name = Release;
		};
/* End XCBuildConfiguration section */

/* Begin XCConfigurationList section */
		FCE57DA618A73AA50049C90C /* Build configuration list for PBXProject "birdFoodMachine" */ = {
			isa = XCConfigurationList;
			buildConfigurations = (
				FCE57DE218A73AA50049C90C /* Debug */,
				FCE57DE318A73AA50049C90C /* Release */,
			);
			defaultConfigurationIsVisible = 0;
			defaultConfigurationName = Release;
		};
		FCE57DE418A73AA50049C90C /* Build configuration list for PBXNativeTarget "birdFoodMachine" */ = {
			isa = XCConfigurationList;
			buildConfigurations = (
				FCE57DE518A73AA50049C90C /* Debug */,
				FCE57DE618A73AA50049C90C /* Release */,
			);
			defaultConfigurationIsVisible = 0;
			defaultConfigurationName = Release;
		};
		FCE57DE718A73AA50049C90C /* Build configuration list for PBXNativeTarget "birdFoodMachineTests" */ = {
			isa = XCConfigurationList;
			buildConfigurations = (
				FCE57DE818A73AA50049C90C /* Debug */,
				FCE57DE918A73AA50049C90C /* Release */,
			);
			defaultConfigurationIsVisible = 0;
			defaultConfigurationName = Release;
		};
/* End XCConfigurationList section */
	};
	rootObject = FCE57DA318A73AA50049C90C /* Project object */;
}
